// !$*UTF8*$!
{
	archiveVersion = 1;
	classes = {
	};
	objectVersion = 50;
	objects = {

/* Begin PBXBuildFile section */
		D9C7D3322416A76400BD3DDC /* AppDelegate.swift in Sources */ = {isa = PBXBuildFile; fileRef = D9C7D3312416A76400BD3DDC /* AppDelegate.swift */; };
		D9C7D3342416A76400BD3DDC /* SceneDelegate.swift in Sources */ = {isa = PBXBuildFile; fileRef = D9C7D3332416A76400BD3DDC /* SceneDelegate.swift */; };
		D9C7D3362416A76400BD3DDC /* ViewController.swift in Sources */ = {isa = PBXBuildFile; fileRef = D9C7D3352416A76400BD3DDC /* ViewController.swift */; };
		D9C7D3392416A76400BD3DDC /* Main.storyboard in Resources */ = {isa = PBXBuildFile; fileRef = D9C7D3372416A76400BD3DDC /* Main.storyboard */; };
		D9C7D33B2416A76700BD3DDC /* Assets.xcassets in Resources */ = {isa = PBXBuildFile; fileRef = D9C7D33A2416A76700BD3DDC /* Assets.xcassets */; };
		D9C7D33E2416A76700BD3DDC /* LaunchScreen.storyboard in Resources */ = {isa = PBXBuildFile; fileRef = D9C7D33C2416A76700BD3DDC /* LaunchScreen.storyboard */; };
/* End PBXBuildFile section */

/* Begin PBXFileReference section */
		D9C7D32E2416A76400BD3DDC /* 111.app */ = {isa = PBXFileReference; explicitFileType = wrapper.application; includeInIndex = 0; path = 111.app; sourceTree = BUILT_PRODUCTS_DIR; };
		D9C7D3312416A76400BD3DDC /* AppDelegate.swift */ = {isa = PBXFileReference; lastKnownFileType = sourcecode.swift; path = AppDelegate.swift; sourceTree = "<group>"; };
		D9C7D3332416A76400BD3DDC /* SceneDelegate.swift */ = {isa = PBXFileReference; lastKnownFileType = sourcecode.swift; path = SceneDelegate.swift; sourceTree = "<group>"; };
		D9C7D3352416A76400BD3DDC /* ViewController.swift */ = {isa = PBXFileReference; lastKnownFileType = sourcecode.swift; path = ViewController.swift; sourceTree = "<group>"; };
		D9C7D3382416A76400BD3DDC /* Base */ = {isa = PBXFileReference; lastKnownFileType = file.storyboard; name = Base; path = Base.lproj/Main.storyboard; sourceTree = "<group>"; };
		D9C7D33A2416A76700BD3DDC /* Assets.xcassets */ = {isa = PBXFileReference; lastKnownFileType = folder.assetcatalog; path = Assets.xcassets; sourceTree = "<group>"; };
		D9C7D33D2416A76700BD3DDC /* Base */ = {isa = PBXFileReference; lastKnownFileType = file.storyboard; name = Base; path = Base.lproj/LaunchScreen.storyboard; sourceTree = "<group>"; };
		D9C7D33F2416A76700BD3DDC /* Info.plist */ = {isa = PBXFileReference; lastKnownFileType = text.plist.xml; path = Info.plist; sourceTree = "<group>"; };
/* End PBXFileReference section */

/* Begin PBXFrameworksBuildPhase section */
		D9C7D32B2416A76400BD3DDC /* Frameworks */ = {
			isa = PBXFrameworksBuildPhase;
			buildActionMask = 2147483647;
			files = (
			);
			runOnlyForDeploymentPostprocessing = 0;
		};
/* End PBXFrameworksBuildPhase section */

/* Begin PBXGroup section */
		D9C7D3252416A76400BD3DDC = {
			isa = PBXGroup;
			children = (
				D9C7D3302416A76400BD3DDC /* 111 */,
				D9C7D32F2416A76400BD3DDC /* Products */,
			);
			sourceTree = "<group>";
		};
		D9C7D32F2416A76400BD3DDC /* Products */ = {
			isa = PBXGroup;
			children = (
				D9C7D32E2416A76400BD3DDC /* 111.app */,
			);
			name = Products;
			sourceTree = "<group>";
		};
		D9C7D3302416A76400BD3DDC /* 111 */ = {
			isa = PBXGroup;
			children = (
				D9C7D3312416A76400BD3DDC /* AppDelegate.swift */,
				D9C7D3332416A76400BD3DDC /* SceneDelegate.swift */,
				D9C7D3352416A76400BD3DDC /* ViewController.swift */,
				D9C7D3372416A76400BD3DDC /* Main.storyboard */,
				D9C7D33A2416A76700BD3DDC /* Assets.xcassets */,
				D9C7D33C2416A76700BD3DDC /* LaunchScreen.storyboard */,
				D9C7D33F2416A76700BD3DDC /* Info.plist */,
			);
			path = 111;
			sourceTree = "<group>";
		};
/* End PBXGroup section */

/* Begin PBXNativeTarget section */
		D9C7D32D2416A76400BD3DDC /* 111 */ = {
			isa = PBXNativeTarget;
			buildConfigurationList = D9C7D3422416A76700BD3DDC /* Build configuration list for PBXNativeTarget "111" */;
			buildPhases = (
				D9C7D32A2416A76400BD3DDC /* Sources */,
				D9C7D32B2416A76400BD3DDC /* Frameworks */,
				D9C7D32C2416A76400BD3DDC /* Resources */,
			);
			buildRules = (
			);
			dependencies = (
			);
			name = 111;
			productName = 111;
			productReference = D9C7D32E2416A76400BD3DDC /* 111.app */;
			productType = "com.apple.product-type.application";
		};
/* End PBXNativeTarget section */

/* Begin PBXProject section */
		D9C7D3262416A76400BD3DDC /* Project object */ = {
			isa = PBXProject;
			attributes = {
				LastSwiftUpdateCheck = 1130;
				LastUpgradeCheck = 1130;
				ORGANIZATIONNAME = "Vitaliy Andrekus";
				TargetAttributes = {
					D9C7D32D2416A76400BD3DDC = {
						CreatedOnToolsVersion = 11.3.1;
					};
				};
			};
			buildConfigurationList = D9C7D3292416A76400BD3DDC /* Build configuration list for PBXProject "111" */;
			compatibilityVersion = "Xcode 9.3";
			developmentRegion = en;
			hasScannedForEncodings = 0;
			knownRegions = (
				en,
				Base,
			);
			mainGroup = D9C7D3252416A76400BD3DDC;
			productRefGroup = D9C7D32F2416A76400BD3DDC /* Products */;
			projectDirPath = "";
			projectRoot = "";
			targets = (
				D9C7D32D2416A76400BD3DDC /* 111 */,
			);
		};
/* End PBXProject section */

/* Begin PBXResourcesBuildPhase section */
		D9C7D32C2416A76400BD3DDC /* Resources */ = {
			isa = PBXResourcesBuildPhase;
			buildActionMask = 2147483647;
			files = (
				D9C7D33E2416A76700BD3DDC /* LaunchScreen.storyboard in Resources */,
				D9C7D33B2416A76700BD3DDC /* Assets.xcassets in Resources */,
				D9C7D3392416A76400BD3DDC /* Main.storyboard in Resources */,
			);
			runOnlyForDeploymentPostprocessing = 0;
		};
/* End PBXResourcesBuildPhase section */

/* Begin PBXSourcesBuildPhase section */
		D9C7D32A2416A76400BD3DDC /* Sources */ = {
			isa = PBXSourcesBuildPhase;
			buildActionMask = 2147483647;
			files = (
				D9C7D3362416A76400BD3DDC /* ViewController.swift in Sources */,
				D9C7D3322416A76400BD3DDC /* AppDelegate.swift in Sources */,
				D9C7D3342416A76400BD3DDC /* SceneDelegate.swift in Sources */,
			);
			runOnlyForDeploymentPostprocessing = 0;
		};
/* End PBXSourcesBuildPhase section */

/* Begin PBXVariantGroup section */
		D9C7D3372416A76400BD3DDC /* Main.storyboard */ = {
			isa = PBXVariantGroup;
			children = (
				D9C7D3382416A76400BD3DDC /* Base */,
			);
			name = Main.storyboard;
			sourceTree = "<group>";
		};
		D9C7D33C2416A76700BD3DDC /* LaunchScreen.storyboard */ = {
			isa = PBXVariantGroup;
			children = (
				D9C7D33D2416A76700BD3DDC /* Base */,
			);
			name = LaunchScreen.storyboard;
			sourceTree = "<group>";
		};
/* End PBXVariantGroup section */

/* Begin XCBuildConfiguration section */
		D9C7D3402416A76700BD3DDC /* Debug */ = {
			isa = XCBuildConfiguration;
			buildSettings = {
				ALWAYS_SEARCH_USER_PATHS = NO;
				CLANG_ANALYZER_NONNULL = YES;
				CLANG_ANALYZER_NUMBER_OBJECT_CONVERSION = YES_AGGRESSIVE;
				CLANG_CXX_LANGUAGE_STANDARD = "gnu++14";
				CLANG_CXX_LIBRARY = "libc++";
				CLANG_ENABLE_MODULES = YES;
				CLANG_ENABLE_OBJC_ARC = YES;
				CLANG_ENABLE_OBJC_WEAK = YES;
				CLANG_WARN_BLOCK_CAPTURE_AUTORELEASING = YES;
				CLANG_WARN_BOOL_CONVERSION = YES;
				CLANG_WARN_COMMA = YES;
				CLANG_WARN_CONSTANT_CONVERSION = YES;
				CLANG_WARN_DEPRECATED_OBJC_IMPLEMENTATIONS = YES;
				CLANG_WARN_DIRECT_OBJC_ISA_USAGE = YES_ERROR;
				CLANG_WARN_DOCUMENTATION_COMMENTS = YES;
				CLANG_WARN_EMPTY_BODY = YES;
				CLANG_WARN_ENUM_CONVERSION = YES;
				CLANG_WARN_INFINITE_RECURSION = YES;
				CLANG_WARN_INT_CONVERSION = YES;
				CLANG_WARN_NON_LITERAL_NULL_CONVERSION = YES;
				CLANG_WARN_OBJC_IMPLICIT_RETAIN_SELF = YES;
				CLANG_WARN_OBJC_LITERAL_CONVERSION = YES;
				CLANG_WARN_OBJC_ROOT_CLASS = YES_ERROR;
				CLANG_WARN_RANGE_LOOP_ANALYSIS = YES;
				CLANG_WARN_STRICT_PROTOTYPES = YES;
				CLANG_WARN_SUSPICIOUS_MOVE = YES;
				CLANG_WARN_UNGUARDED_AVAILABILITY = YES_AGGRESSIVE;
				CLANG_WARN_UNREACHABLE_CODE = YES;
				CLANG_WARN__DUPLICATE_METHOD_MATCH = YES;
				COPY_PHASE_STRIP = NO;
				DEBUG_INFORMATION_FORMAT = dwarf;
				ENABLE_STRICT_OBJC_MSGSEND = YES;
				ENABLE_TESTABILITY = YES;
				GCC_C_LANGUAGE_STANDARD = gnu11;
				GCC_DYNAMIC_NO_PIC = NO;
				GCC_NO_COMMON_BLOCKS = YES;
				GCC_OPTIMIZATION_LEVEL = 0;
				GCC_PREPROCESSOR_DEFINITIONS = (
					"DEBUG=1",
					"$(inherited)",
				);
				GCC_WARN_64_TO_32_BIT_CONVERSION = YES;
				GCC_WARN_ABOUT_RETURN_TYPE = YES_ERROR;
				GCC_WARN_UNDECLARED_SELECTOR = YES;
				GCC_WARN_UNINITIALIZED_AUTOS = YES_AGGRESSIVE;
				GCC_WARN_UNUSED_FUNCTION = YES;
				GCC_WARN_UNUSED_VARIABLE = YES;
				IPHONEOS_DEPLOYMENT_TARGET = 13.2;
				MTL_ENABLE_DEBUG_INFO = INCLUDE_SOURCE;
				MTL_FAST_MATH = YES;
				ONLY_ACTIVE_ARCH = YES;
				SDKROOT = iphoneos;
				SWIFT_ACTIVE_COMPILATION_CONDITIONS = DEBUG;
				SWIFT_OPTIMIZATION_LEVEL = "-Onone";
			};
			name = Debug;
		};
		D9C7D3412416A76700BD3DDC /* Release */ = {
			isa = XCBuildConfiguration;
			buildSettings = {
				ALWAYS_SEARCH_USER_PATHS = NO;
				CLANG_ANALYZER_NONNULL = YES;
				CLANG_ANALYZER_NUMBER_OBJECT_CONVERSION = YES_AGGRESSIVE;
				CLANG_CXX_LANGUAGE_STANDARD = "gnu++14";
				CLANG_CXX_LIBRARY = "libc++";
				CLANG_ENABLE_MODULES = YES;
				CLANG_ENABLE_OBJC_ARC = YES;
				CLANG_ENABLE_OBJC_WEAK = YES;
				CLANG_WARN_BLOCK_CAPTURE_AUTORELEASING = YES;
				CLANG_WARN_BOOL_CONVERSION = YES;
				CLANG_WARN_COMMA = YES;
				CLANG_WARN_CONSTANT_CONVERSION = YES;
				CLANG_WARN_DEPRECATED_OBJC_IMPLEMENTATIONS = YES;
				CLANG_WARN_DIRECT_OBJC_ISA_USAGE = YES_ERROR;
				CLANG_WARN_DOCUMENTATION_COMMENTS = YES;
				CLANG_WARN_EMPTY_BODY = YES;
				CLANG_WARN_ENUM_CONVERSION = YES;
				CLANG_WARN_INFINITE_RECURSION = YES;
				CLANG_WARN_INT_CONVERSION = YES;
				CLANG_WARN_NON_LITERAL_NULL_CONVERSION = YES;
				CLANG_WARN_OBJC_IMPLICIT_RETAIN_SELF = YES;
				CLANG_WARN_OBJC_LITERAL_CONVERSION = YES;
				CLANG_WARN_OBJC_ROOT_CLASS = YES_ERROR;
				CLANG_WARN_RANGE_LOOP_ANALYSIS = YES;
				CLANG_WARN_STRICT_PROTOTYPES = YES;
				CLANG_WARN_SUSPICIOUS_MOVE = YES;
				CLANG_WARN_UNGUARDED_AVAILABILITY = YES_AGGRESSIVE;
				CLANG_WARN_UNREACHABLE_CODE = YES;
				CLANG_WARN__DUPLICATE_METHOD_MATCH = YES;
				COPY_PHASE_STRIP = NO;
				DEBUG_INFORMATION_FORMAT = "dwarf-with-dsym";
				ENABLE_NS_ASSERTIONS = NO;
				ENABLE_STRICT_OBJC_MSGSEND = YES;
				GCC_C_LANGUAGE_STANDARD = gnu11;
				GCC_NO_COMMON_BLOCKS = YES;
				GCC_WARN_64_TO_32_BIT_CONVERSION = YES;
				GCC_WARN_ABOUT_RETURN_TYPE = YES_ERROR;
				GCC_WARN_UNDECLARED_SELECTOR = YES;
				GCC_WARN_UNINITIALIZED_AUTOS = YES_AGGRESSIVE;
				GCC_WARN_UNUSED_FUNCTION = YES;
				GCC_WARN_UNUSED_VARIABLE = YES;
				IPHONEOS_DEPLOYMENT_TARGET = 13.2;
				MTL_ENABLE_DEBUG_INFO = NO;
				MTL_FAST_MATH = YES;
				SDKROOT = iphoneos;
				SWIFT_COMPILATION_MODE = wholemodule;
				SWIFT_OPTIMIZATION_LEVEL = "-O";
				VALIDATE_PRODUCT = YES;
			};
			name = Release;
		};
		D9C7D3432416A76700BD3DDC /* Debug */ = {
			isa = XCBuildConfiguration;
			buildSettings = {
				ASSETCATALOG_COMPILER_APPICON_NAME = AppIcon;
				CODE_SIGN_STYLE = Automatic;
				INFOPLIST_FILE = 111/Info.plist;
				LD_RUNPATH_SEARCH_PATHS = (
					"$(inherited)",
					"@executable_path/Frameworks",
				);
				PRODUCT_BUNDLE_IDENTIFIER = "-.-11";
				PRODUCT_NAME = "$(TARGET_NAME)";
				SWIFT_VERSION = 5.0;
				TARGETED_DEVICE_FAMILY = "1,2";
			};
			name = Debug;
		};
		D9C7D3442416A76700BD3DDC /* Release */ = {
			isa = XCBuildConfiguration;
			buildSettings = {
				ASSETCATALOG_COMPILER_APPICON_NAME = AppIcon;
				CODE_SIGN_STYLE = Automatic;
				INFOPLIST_FILE = 111/Info.plist;
				LD_RUNPATH_SEARCH_PATHS = (
					"$(inherited)",
					"@executable_path/Frameworks",
				);
				PRODUCT_BUNDLE_IDENTIFIER = "-.-11";
				PRODUCT_NAME = "$(TARGET_NAME)";
				SWIFT_VERSION = 5.0;
				TARGETED_DEVICE_FAMILY = "1,2";
			};
			name = Release;
		};
/* End XCBuildConfiguration section */

/* Begin XCConfigurationList section */
		D9C7D3292416A76400BD3DDC /* Build configuration list for PBXProject "111" */ = {
			isa = XCConfigurationList;
			buildConfigurations = (
				D9C7D3402416A76700BD3DDC /* Debug */,
				D9C7D3412416A76700BD3DDC /* Release */,
			);
			defaultConfigurationIsVisible = 0;
			defaultConfigurationName = Release;
		};
		D9C7D3422416A76700BD3DDC /* Build configuration list for PBXNativeTarget "111" */ = {
			isa = XCConfigurationList;
			buildConfigurations = (
				D9C7D3432416A76700BD3DDC /* Debug */,
				D9C7D3442416A76700BD3DDC /* Release */,
			);
			defaultConfigurationIsVisible = 0;
			defaultConfigurationName = Release;
		};
/* End XCConfigurationList section */
	};
	rootObject = D9C7D3262416A76400BD3DDC /* Project object */;
}
